// !$*UTF8*$!
{
	archiveVersion = 1;
	classes = {
	};
	objectVersion = 46;
	objects = {

/* Begin PBXBuildFile section */
		997953FE1D4640D0009387C7 /* AppDelegate.swift in Sources */ = {isa = PBXBuildFile; fileRef = 997953FD1D4640D0009387C7 /* AppDelegate.swift */; };
		997954001D4640D0009387C7 /* ViewController.swift in Sources */ = {isa = PBXBuildFile; fileRef = 997953FF1D4640D0009387C7 /* ViewController.swift */; };
		997954031D4640D1009387C7 /* Main.storyboard in Resources */ = {isa = PBXBuildFile; fileRef = 997954011D4640D1009387C7 /* Main.storyboard */; };
		997954051D4640D1009387C7 /* Assets.xcassets in Resources */ = {isa = PBXBuildFile; fileRef = 997954041D4640D1009387C7 /* Assets.xcassets */; };
		997954081D4640D1009387C7 /* LaunchScreen.storyboard in Resources */ = {isa = PBXBuildFile; fileRef = 997954061D4640D1009387C7 /* LaunchScreen.storyboard */; };
		997954131D4640D1009387C7 /* HelloWorldTests.swift in Sources */ = {isa = PBXBuildFile; fileRef = 997954121D4640D1009387C7 /* HelloWorldTests.swift */; };
		9979541E1D4640D1009387C7 /* HelloWorldUITests.swift in Sources */ = {isa = PBXBuildFile; fileRef = 9979541D1D4640D1009387C7 /* HelloWorldUITests.swift */; };
/* End PBXBuildFile section */

/* Begin PBXContainerItemProxy section */
		9979540F1D4640D1009387C7 /* PBXContainerItemProxy */ = {
			isa = PBXContainerItemProxy;
			containerPortal = 997953F21D4640CF009387C7 /* Project object */;
			proxyType = 1;
			remoteGlobalIDString = 997953F91D4640CF009387C7;
			remoteInfo = HelloWorld;
		};
		9979541A1D4640D1009387C7 /* PBXContainerItemProxy */ = {
			isa = PBXContainerItemProxy;
			containerPortal = 997953F21D4640CF009387C7 /* Project object */;
			proxyType = 1;
			remoteGlobalIDString = 997953F91D4640CF009387C7;
			remoteInfo = HelloWorld;
		};
/* End PBXContainerItemProxy section */

/* Begin PBXFileReference section */
		997953FA1D4640D0009387C7 /* HelloWorld.app */ = {isa = PBXFileReference; explicitFileType = wrapper.application; includeInIndex = 0; path = HelloWorld.app; sourceTree = BUILT_PRODUCTS_DIR; };
		997953FD1D4640D0009387C7 /* AppDelegate.swift */ = {isa = PBXFileReference; lastKnownFileType = sourcecode.swift; path = AppDelegate.swift; sourceTree = "<group>"; };
		997953FF1D4640D0009387C7 /* ViewController.swift */ = {isa = PBXFileReference; lastKnownFileType = sourcecode.swift; path = ViewController.swift; sourceTree = "<group>"; };
		997954021D4640D1009387C7 /* Base */ = {isa = PBXFileReference; lastKnownFileType = file.storyboard; name = Base; path = Base.lproj/Main.storyboard; sourceTree = "<group>"; };
		997954041D4640D1009387C7 /* Assets.xcassets */ = {isa = PBXFileReference; lastKnownFileType = folder.assetcatalog; path = Assets.xcassets; sourceTree = "<group>"; };
		997954071D4640D1009387C7 /* Base */ = {isa = PBXFileReference; lastKnownFileType = file.storyboard; name = Base; path = Base.lproj/LaunchScreen.storyboard; sourceTree = "<group>"; };
		997954091D4640D1009387C7 /* Info.plist */ = {isa = PBXFileReference; lastKnownFileType = text.plist.xml; path = Info.plist; sourceTree = "<group>"; };
		9979540E1D4640D1009387C7 /* HelloWorldTests.xctest */ = {isa = PBXFileReference; explicitFileType = wrapper.cfbundle; includeInIndex = 0; path = HelloWorldTests.xctest; sourceTree = BUILT_PRODUCTS_DIR; };
		997954121D4640D1009387C7 /* HelloWorldTests.swift */ = {isa = PBXFileReference; lastKnownFileType = sourcecode.swift; path = HelloWorldTests.swift; sourceTree = "<group>"; };
		997954141D4640D1009387C7 /* Info.plist */ = {isa = PBXFileReference; lastKnownFileType = text.plist.xml; path = Info.plist; sourceTree = "<group>"; };
		997954191D4640D1009387C7 /* HelloWorldUITests.xctest */ = {isa = PBXFileReference; explicitFileType = wrapper.cfbundle; includeInIndex = 0; path = HelloWorldUITests.xctest; sourceTree = BUILT_PRODUCTS_DIR; };
		9979541D1D4640D1009387C7 /* HelloWorldUITests.swift */ = {isa = PBXFileReference; lastKnownFileType = sourcecode.swift; path = HelloWorldUITests.swift; sourceTree = "<group>"; };
		9979541F1D4640D1009387C7 /* Info.plist */ = {isa = PBXFileReference; lastKnownFileType = text.plist.xml; path = Info.plist; sourceTree = "<group>"; };
/* End PBXFileReference section */

/* Begin PBXFrameworksBuildPhase section */
		997953F71D4640CF009387C7 /* Frameworks */ = {
			isa = PBXFrameworksBuildPhase;
			buildActionMask = 2147483647;
			files = (
			);
			runOnlyForDeploymentPostprocessing = 0;
		};
		9979540B1D4640D1009387C7 /* Frameworks */ = {
			isa = PBXFrameworksBuildPhase;
			buildActionMask = 2147483647;
			files = (
			);
			runOnlyForDeploymentPostprocessing = 0;
		};
		997954161D4640D1009387C7 /* Frameworks */ = {
			isa = PBXFrameworksBuildPhase;
			buildActionMask = 2147483647;
			files = (
			);
			runOnlyForDeploymentPostprocessing = 0;
		};
/* End PBXFrameworksBuildPhase section */

/* Begin PBXGroup section */
		997953F11D4640CF009387C7 = {
			isa = PBXGroup;
			children = (
				997953FC1D4640D0009387C7 /* HelloWorld */,
				997954111D4640D1009387C7 /* HelloWorldTests */,
				9979541C1D4640D1009387C7 /* HelloWorldUITests */,
				997953FB1D4640D0009387C7 /* Products */,
			);
			sourceTree = "<group>";
		};
		997953FB1D4640D0009387C7 /* Products */ = {
			isa = PBXGroup;
			children = (
				997953FA1D4640D0009387C7 /* HelloWorld.app */,
				9979540E1D4640D1009387C7 /* HelloWorldTests.xctest */,
				997954191D4640D1009387C7 /* HelloWorldUITests.xctest */,
			);
			name = Products;
			sourceTree = "<group>";
		};
		997953FC1D4640D0009387C7 /* HelloWorld */ = {
			isa = PBXGroup;
			children = (
				997953FD1D4640D0009387C7 /* AppDelegate.swift */,
				997953FF1D4640D0009387C7 /* ViewController.swift */,
				997954011D4640D1009387C7 /* Main.storyboard */,
				997954041D4640D1009387C7 /* Assets.xcassets */,
				997954061D4640D1009387C7 /* LaunchScreen.storyboard */,
				997954091D4640D1009387C7 /* Info.plist */,
			);
			path = HelloWorld;
			sourceTree = "<group>";
		};
		997954111D4640D1009387C7 /* HelloWorldTests */ = {
			isa = PBXGroup;
			children = (
				997954121D4640D1009387C7 /* HelloWorldTests.swift */,
				997954141D4640D1009387C7 /* Info.plist */,
			);
			path = HelloWorldTests;
			sourceTree = "<group>";
		};
		9979541C1D4640D1009387C7 /* HelloWorldUITests */ = {
			isa = PBXGroup;
			children = (
				9979541D1D4640D1009387C7 /* HelloWorldUITests.swift */,
				9979541F1D4640D1009387C7 /* Info.plist */,
			);
			path = HelloWorldUITests;
			sourceTree = "<group>";
		};
/* End PBXGroup section */

/* Begin PBXNativeTarget section */
		997953F91D4640CF009387C7 /* HelloWorld */ = {
			isa = PBXNativeTarget;
			buildConfigurationList = 997954221D4640D1009387C7 /* Build configuration list for PBXNativeTarget "HelloWorld" */;
			buildPhases = (
				997953F61D4640CF009387C7 /* Sources */,
				997953F71D4640CF009387C7 /* Frameworks */,
				997953F81D4640CF009387C7 /* Resources */,
			);
			buildRules = (
			);
			dependencies = (
			);
			name = HelloWorld;
			productName = HelloWorld;
			productReference = 997953FA1D4640D0009387C7 /* HelloWorld.app */;
			productType = "com.apple.product-type.application";
		};
		9979540D1D4640D1009387C7 /* HelloWorldTests */ = {
			isa = PBXNativeTarget;
			buildConfigurationList = 997954251D4640D1009387C7 /* Build configuration list for PBXNativeTarget "HelloWorldTests" */;
			buildPhases = (
				9979540A1D4640D1009387C7 /* Sources */,
				9979540B1D4640D1009387C7 /* Frameworks */,
				9979540C1D4640D1009387C7 /* Resources */,
			);
			buildRules = (
			);
			dependencies = (
				997954101D4640D1009387C7 /* PBXTargetDependency */,
			);
			name = HelloWorldTests;
			productName = HelloWorldTests;
			productReference = 9979540E1D4640D1009387C7 /* HelloWorldTests.xctest */;
			productType = "com.apple.product-type.bundle.unit-test";
		};
		997954181D4640D1009387C7 /* HelloWorldUITests */ = {
			isa = PBXNativeTarget;
			buildConfigurationList = 997954281D4640D1009387C7 /* Build configuration list for PBXNativeTarget "HelloWorldUITests" */;
			buildPhases = (
				997954151D4640D1009387C7 /* Sources */,
				997954161D4640D1009387C7 /* Frameworks */,
				997954171D4640D1009387C7 /* Resources */,
			);
			buildRules = (
			);
			dependencies = (
				9979541B1D4640D1009387C7 /* PBXTargetDependency */,
			);
			name = HelloWorldUITests;
			productName = HelloWorldUITests;
			productReference = 997954191D4640D1009387C7 /* HelloWorldUITests.xctest */;
			productType = "com.apple.product-type.bundle.ui-testing";
		};
/* End PBXNativeTarget section */

/* Begin PBXProject section */
		997953F21D4640CF009387C7 /* Project object */ = {
			isa = PBXProject;
			attributes = {
				LastSwiftUpdateCheck = 0730;
				LastUpgradeCheck = 0730;
				ORGANIZATIONNAME = ryosuke.hirate;
				TargetAttributes = {
					997953F91D4640CF009387C7 = {
						CreatedOnToolsVersion = 7.3.1;
						DevelopmentTeam = 5UCUSW845X;
					};
					9979540D1D4640D1009387C7 = {
						CreatedOnToolsVersion = 7.3.1;
						TestTargetID = 997953F91D4640CF009387C7;
					};
					997954181D4640D1009387C7 = {
						CreatedOnToolsVersion = 7.3.1;
						TestTargetID = 997953F91D4640CF009387C7;
					};
				};
			};
			buildConfigurationList = 997953F51D4640CF009387C7 /* Build configuration list for PBXProject "HelloWorld" */;
			compatibilityVersion = "Xcode 3.2";
			developmentRegion = English;
			hasScannedForEncodings = 0;
			knownRegions = (
				en,
				Base,
			);
			mainGroup = 997953F11D4640CF009387C7;
			productRefGroup = 997953FB1D4640D0009387C7 /* Products */;
			projectDirPath = "";
			projectRoot = "";
			targets = (
				997953F91D4640CF009387C7 /* HelloWorld */,
				9979540D1D4640D1009387C7 /* HelloWorldTests */,
				997954181D4640D1009387C7 /* HelloWorldUITests */,
			);
		};
/* End PBXProject section */

/* Begin PBXResourcesBuildPhase section */
		997953F81D4640CF009387C7 /* Resources */ = {
			isa = PBXResourcesBuildPhase;
			buildActionMask = 2147483647;
			files = (
				997954081D4640D1009387C7 /* LaunchScreen.storyboard in Resources */,
				997954051D4640D1009387C7 /* Assets.xcassets in Resources */,
				997954031D4640D1009387C7 /* Main.storyboard in Resources */,
			);
			runOnlyForDeploymentPostprocessing = 0;
		};
		9979540C1D4640D1009387C7 /* Resources */ = {
			isa = PBXResourcesBuildPhase;
			buildActionMask = 2147483647;
			files = (
			);
			runOnlyForDeploymentPostprocessing = 0;
		};
		997954171D4640D1009387C7 /* Resources */ = {
			isa = PBXResourcesBuildPhase;
			buildActionMask = 2147483647;
			files = (
			);
			runOnlyForDeploymentPostprocessing = 0;
		};
/* End PBXResourcesBuildPhase section */

/* Begin PBXSourcesBuildPhase section */
		997953F61D4640CF009387C7 /* Sources */ = {
			isa = PBXSourcesBuildPhase;
			buildActionMask = 2147483647;
			files = (
				997954001D4640D0009387C7 /* ViewController.swift in Sources */,
				997953FE1D4640D0009387C7 /* AppDelegate.swift in Sources */,
			);
			runOnlyForDeploymentPostprocessing = 0;
		};
		9979540A1D4640D1009387C7 /* Sources */ = {
			isa = PBXSourcesBuildPhase;
			buildActionMask = 2147483647;
			files = (
				997954131D4640D1009387C7 /* HelloWorldTests.swift in Sources */,
			);
			runOnlyForDeploymentPostprocessing = 0;
		};
		997954151D4640D1009387C7 /* Sources */ = {
			isa = PBXSourcesBuildPhase;
			buildActionMask = 2147483647;
			files = (
				9979541E1D4640D1009387C7 /* HelloWorldUITests.swift in Sources */,
			);
			runOnlyForDeploymentPostprocessing = 0;
		};
/* End PBXSourcesBuildPhase section */

/* Begin PBXTargetDependency section */
		997954101D4640D1009387C7 /* PBXTargetDependency */ = {
			isa = PBXTargetDependency;
			target = 997953F91D4640CF009387C7 /* HelloWorld */;
			targetProxy = 9979540F1D4640D1009387C7 /* PBXContainerItemProxy */;
		};
		9979541B1D4640D1009387C7 /* PBXTargetDependency */ = {
			isa = PBXTargetDependency;
			target = 997953F91D4640CF009387C7 /* HelloWorld */;
			targetProxy = 9979541A1D4640D1009387C7 /* PBXContainerItemProxy */;
		};
/* End PBXTargetDependency section */

/* Begin PBXVariantGroup section */
		997954011D4640D1009387C7 /* Main.storyboard */ = {
			isa = PBXVariantGroup;
			children = (
				997954021D4640D1009387C7 /* Base */,
			);
			name = Main.storyboard;
			sourceTree = "<group>";
		};
		997954061D4640D1009387C7 /* LaunchScreen.storyboard */ = {
			isa = PBXVariantGroup;
			children = (
				997954071D4640D1009387C7 /* Base */,
			);
			name = LaunchScreen.storyboard;
			sourceTree = "<group>";
		};
/* End PBXVariantGroup section */

/* Begin XCBuildConfiguration section */
		997954201D4640D1009387C7 /* Debug */ = {
			isa = XCBuildConfiguration;
			buildSettings = {
				ALWAYS_SEARCH_USER_PATHS = NO;
				CLANG_ANALYZER_NONNULL = YES;
				CLANG_CXX_LANGUAGE_STANDARD = "gnu++0x";
				CLANG_CXX_LIBRARY = "libc++";
				CLANG_ENABLE_MODULES = YES;
				CLANG_ENABLE_OBJC_ARC = YES;
				CLANG_WARN_BOOL_CONVERSION = YES;
				CLANG_WARN_CONSTANT_CONVERSION = YES;
				CLANG_WARN_DIRECT_OBJC_ISA_USAGE = YES_ERROR;
				CLANG_WARN_EMPTY_BODY = YES;
				CLANG_WARN_ENUM_CONVERSION = YES;
				CLANG_WARN_INT_CONVERSION = YES;
				CLANG_WARN_OBJC_ROOT_CLASS = YES_ERROR;
				CLANG_WARN_UNREACHABLE_CODE = YES;
				CLANG_WARN__DUPLICATE_METHOD_MATCH = YES;
				"CODE_SIGN_IDENTITY[sdk=iphoneos*]" = "iPhone Developer";
				COPY_PHASE_STRIP = NO;
				DEBUG_INFORMATION_FORMAT = dwarf;
				ENABLE_STRICT_OBJC_MSGSEND = YES;
				ENABLE_TESTABILITY = YES;
				GCC_C_LANGUAGE_STANDARD = gnu99;
				GCC_DYNAMIC_NO_PIC = NO;
				GCC_NO_COMMON_BLOCKS = YES;
				GCC_OPTIMIZATION_LEVEL = 0;
				GCC_PREPROCESSOR_DEFINITIONS = (
					"DEBUG=1",
					"$(inherited)",
				);
				GCC_WARN_64_TO_32_BIT_CONVERSION = YES;
				GCC_WARN_ABOUT_RETURN_TYPE = YES_ERROR;
				GCC_WARN_UNDECLARED_SELECTOR = YES;
				GCC_WARN_UNINITIALIZED_AUTOS = YES_AGGRESSIVE;
				GCC_WARN_UNUSED_FUNCTION = YES;
				GCC_WARN_UNUSED_VARIABLE = YES;
				IPHONEOS_DEPLOYMENT_TARGET = 9.3;
				MTL_ENABLE_DEBUG_INFO = YES;
				ONLY_ACTIVE_ARCH = YES;
				SDKROOT = iphoneos;
				SWIFT_OPTIMIZATION_LEVEL = "-Onone";
			};
			name = Debug;
		};
		997954211D4640D1009387C7 /* Release */ = {
			isa = XCBuildConfiguration;
			buildSettings = {
				ALWAYS_SEARCH_USER_PATHS = NO;
				CLANG_ANALYZER_NONNULL = YES;
				CLANG_CXX_LANGUAGE_STANDARD = "gnu++0x";
				CLANG_CXX_LIBRARY = "libc++";
				CLANG_ENABLE_MODULES = YES;
				CLANG_ENABLE_OBJC_ARC = YES;
				CLANG_WARN_BOOL_CONVERSION = YES;
				CLANG_WARN_CONSTANT_CONVERSION = YES;
				CLANG_WARN_DIRECT_OBJC_ISA_USAGE = YES_ERROR;
				CLANG_WARN_EMPTY_BODY = YES;
				CLANG_WARN_ENUM_CONVERSION = YES;
				CLANG_WARN_INT_CONVERSION = YES;
				CLANG_WARN_OBJC_ROOT_CLASS = YES_ERROR;
				CLANG_WARN_UNREACHABLE_CODE = YES;
				CLANG_WARN__DUPLICATE_METHOD_MATCH = YES;
				"CODE_SIGN_IDENTITY[sdk=iphoneos*]" = "iPhone Developer";
				COPY_PHASE_STRIP = NO;
				DEBUG_INFORMATION_FORMAT = "dwarf-with-dsym";
				ENABLE_NS_ASSERTIONS = NO;
				ENABLE_STRICT_OBJC_MSGSEND = YES;
				GCC_C_LANGUAGE_STANDARD = gnu99;
				GCC_NO_COMMON_BLOCKS = YES;
				GCC_WARN_64_TO_32_BIT_CONVERSION = YES;
				GCC_WARN_ABOUT_RETURN_TYPE = YES_ERROR;
				GCC_WARN_UNDECLARED_SELECTOR = YES;
				GCC_WARN_UNINITIALIZED_AUTOS = YES_AGGRESSIVE;
				GCC_WARN_UNUSED_FUNCTION = YES;
				GCC_WARN_UNUSED_VARIABLE = YES;
				IPHONEOS_DEPLOYMENT_TARGET = 9.3;
				MTL_ENABLE_DEBUG_INFO = NO;
				SDKROOT = iphoneos;
				VALIDATE_PRODUCT = YES;
			};
			name = Release;
		};
		997954231D4640D1009387C7 /* Debug */ = {
			isa = XCBuildConfiguration;
			buildSettings = {
				ASSETCATALOG_COMPILER_APPICON_NAME = AppIcon;
				CODE_SIGN_IDENTITY = "iPhone Developer";
				"CODE_SIGN_IDENTITY[sdk=iphoneos*]" = "iPhone Developer";
				INFOPLIST_FILE = HelloWorld/Info.plist;
				LD_RUNPATH_SEARCH_PATHS = "$(inherited) @executable_path/Frameworks";
				PRODUCT_BUNDLE_IDENTIFIER = jp.techacademy.ryosuke.hirate.HelloWorld;
				PRODUCT_NAME = "$(TARGET_NAME)";
				PROVISIONING_PROFILE = "";
			};
			name = Debug;
		};
		997954241D4640D1009387C7 /* Release */ = {
			isa = XCBuildConfiguration;
			buildSettings = {
				ASSETCATALOG_COMPILER_APPICON_NAME = AppIcon;
				CODE_SIGN_IDENTITY = "iPhone Developer";
				"CODE_SIGN_IDENTITY[sdk=iphoneos*]" = "iPhone Developer";
				INFOPLIST_FILE = HelloWorld/Info.plist;
				LD_RUNPATH_SEARCH_PATHS = "$(inherited) @executable_path/Frameworks";
				PRODUCT_BUNDLE_IDENTIFIER = jp.techacademy.ryosuke.hirate.HelloWorld;
				PRODUCT_NAME = "$(TARGET_NAME)";
				PROVISIONING_PROFILE = "";
			};
			name = Release;
		};
		997954261D4640D1009387C7 /* Debug */ = {
			isa = XCBuildConfiguration;
			buildSettings = {
				BUNDLE_LOADER = "$(TEST_HOST)";
				INFOPLIST_FILE = HelloWorldTests/Info.plist;
				LD_RUNPATH_SEARCH_PATHS = "$(inherited) @executable_path/Frameworks @loader_path/Frameworks";
				PRODUCT_BUNDLE_IDENTIFIER = jp.techacademy.ryosuke.hirate.HelloWorldTests;
				PRODUCT_NAME = "$(TARGET_NAME)";
				TEST_HOST = "$(BUILT_PRODUCTS_DIR)/HelloWorld.app/HelloWorld";
			};
			name = Debug;
		};
		997954271D4640D1009387C7 /* Release */ = {
			isa = XCBuildConfiguration;
			buildSettings = {
				BUNDLE_LOADER = "$(TEST_HOST)";
				INFOPLIST_FILE = HelloWorldTests/Info.plist;
				LD_RUNPATH_SEARCH_PATHS = "$(inherited) @executable_path/Frameworks @loader_path/Frameworks";
				PRODUCT_BUNDLE_IDENTIFIER = jp.techacademy.ryosuke.hirate.HelloWorldTests;
				PRODUCT_NAME = "$(TARGET_NAME)";
				TEST_HOST = "$(BUILT_PRODUCTS_DIR)/HelloWorld.app/HelloWorld";
			};
			name = Release;
		};
		997954291D4640D1009387C7 /* Debug */ = {
			isa = XCBuildConfiguration;
			buildSettings = {
				INFOPLIST_FILE = HelloWorldUITests/Info.plist;
				LD_RUNPATH_SEARCH_PATHS = "$(inherited) @executable_path/Frameworks @loader_path/Frameworks";
				PRODUCT_BUNDLE_IDENTIFIER = jp.techacademy.ryosuke.hirate.HelloWorldUITests;
				PRODUCT_NAME = "$(TARGET_NAME)";
				TEST_TARGET_NAME = HelloWorld;
			};
			name = Debug;
		};
		9979542A1D4640D1009387C7 /* Release */ = {
			isa = XCBuildConfiguration;
			buildSettings = {
				INFOPLIST_FILE = HelloWorldUITests/Info.plist;
				LD_RUNPATH_SEARCH_PATHS = "$(inherited) @executable_path/Frameworks @loader_path/Frameworks";
				PRODUCT_BUNDLE_IDENTIFIER = jp.techacademy.ryosuke.hirate.HelloWorldUITests;
				PRODUCT_NAME = "$(TARGET_NAME)";
				TEST_TARGET_NAME = HelloWorld;
			};
			name = Release;
		};
/* End XCBuildConfiguration section */

/* Begin XCConfigurationList section */
		997953F51D4640CF009387C7 /* Build configuration list for PBXProject "HelloWorld" */ = {
			isa = XCConfigurationList;
			buildConfigurations = (
				997954201D4640D1009387C7 /* Debug */,
				997954211D4640D1009387C7 /* Release */,
			);
			defaultConfigurationIsVisible = 0;
			defaultConfigurationName = Release;
		};
		997954221D4640D1009387C7 /* Build configuration list for PBXNativeTarget "HelloWorld" */ = {
			isa = XCConfigurationList;
			buildConfigurations = (
				997954231D4640D1009387C7 /* Debug */,
				997954241D4640D1009387C7 /* Release */,
			);
			defaultConfigurationIsVisible = 0;
		};
		997954251D4640D1009387C7 /* Build configuration list for PBXNativeTarget "HelloWorldTests" */ = {
			isa = XCConfigurationList;
			buildConfigurations = (
				997954261D4640D1009387C7 /* Debug */,
				997954271D4640D1009387C7 /* Release */,
			);
			defaultConfigurationIsVisible = 0;
		};
		997954281D4640D1009387C7 /* Build configuration list for PBXNativeTarget "HelloWorldUITests" */ = {
			isa = XCConfigurationList;
			buildConfigurations = (
				997954291D4640D1009387C7 /* Debug */,
				9979542A1D4640D1009387C7 /* Release */,
			);
			defaultConfigurationIsVisible = 0;
		};
/* End XCConfigurationList section */
	};
	rootObject = 997953F21D4640CF009387C7 /* Project object */;
}
